
Microsoft Visual Studio Solution File, Format Version 12.00
# Visual Studio 15
VisualStudioVersion = 15.0.28010.2041
MinimumVisualStudioVersion = 10.0.40219.1
Project("{FAE04EC0-301F-11D3-BF4B-00C04F79EFBC}") = "Race", "Race\Race.csproj", "{EC8BF095-2373-4F7A-88BB-FF2AF796E1C3}"
EndProject
Global
	GlobalSection(SolutionConfigurationPlatforms) = preSolution
		Debug|Any CPU = Debug|Any CPU
		Release|Any CPU = Release|Any CPU
	EndGlobalSection
	GlobalSection(ProjectConfigurationPlatforms) = postSolution
		{EC8BF095-2373-4F7A-88BB-FF2AF796E1C3}.Debug|Any CPU.ActiveCfg = Debug|Any CPU
		{EC8BF095-2373-4F7A-88BB-FF2AF796E1C3}.Debug|Any CPU.Build.0 = Debug|Any CPU
		{EC8BF095-2373-4F7A-88BB-FF2AF796E1C3}.Release|Any CPU.ActiveCfg = Release|Any CPU
		{EC8BF095-2373-4F7A-88BB-FF2AF796E1C3}.Release|Any CPU.Build.0 = Release|Any CPU
	EndGlobalSection
	GlobalSection(SolutionProperties) = preSolution
		HideSolutionNode = FALSE
	EndGlobalSection
	GlobalSection(ExtensibilityGlobals) = postSolution
		SolutionGuid = {7563CD78-1924-494F-84E2-87FE9D28B640}
	EndGlobalSection
EndGlobal
